// !$*UTF8*$!
{
	archiveVersion = 1;
	classes = {
	};
	objectVersion = 54;
	objects = {

/* Begin PBXBuildFile section */
		2EAEC71D86E014C6AE8D6CEC /* Pods_Karmus.framework in Frameworks */ = {isa = PBXBuildFile; fileRef = 6982DCEAC19D342C87CB2079 /* Pods_Karmus.framework */; };
		530A412A28C2390E00CA7F84 /* ConditionTaskScreen.storyboard in Resources */ = {isa = PBXBuildFile; fileRef = 530A412928C2390E00CA7F84 /* ConditionTaskScreen.storyboard */; };
		530A412C28C2393100CA7F84 /* ConditionTaskViewController.swift in Sources */ = {isa = PBXBuildFile; fileRef = 530A412B28C2393100CA7F84 /* ConditionTaskViewController.swift */; };
		530A415A28C499A300CA7F84 /* ProcessingTaskScreen.storyboard in Resources */ = {isa = PBXBuildFile; fileRef = 530A415928C499A300CA7F84 /* ProcessingTaskScreen.storyboard */; };
		530A415C28C49A0400CA7F84 /* ComplitedTasksTableViewController.swift in Sources */ = {isa = PBXBuildFile; fileRef = 530A415B28C49A0400CA7F84 /* ComplitedTasksTableViewController.swift */; };
		530A415E28C49A3C00CA7F84 /* ComplitedTasksScreen.storyboard in Resources */ = {isa = PBXBuildFile; fileRef = 530A415D28C49A3C00CA7F84 /* ComplitedTasksScreen.storyboard */; };
		530A416028C49A6A00CA7F84 /* ProcessingTaskViewController.swift in Sources */ = {isa = PBXBuildFile; fileRef = 530A415F28C49A6A00CA7F84 /* ProcessingTaskViewController.swift */; };
		530A416228C4B29200CA7F84 /* ComplitedTasksTableViewCell.swift in Sources */ = {isa = PBXBuildFile; fileRef = 530A416128C4B29200CA7F84 /* ComplitedTasksTableViewCell.swift */; };
		5316D72628AC0FBE004C8A90 /* AppDelegate.swift in Sources */ = {isa = PBXBuildFile; fileRef = 5316D72528AC0FBE004C8A90 /* AppDelegate.swift */; };
		5316D72828AC0FBE004C8A90 /* SceneDelegate.swift in Sources */ = {isa = PBXBuildFile; fileRef = 5316D72728AC0FBE004C8A90 /* SceneDelegate.swift */; };
		5316D72A28AC0FBE004C8A90 /* ViewController.swift in Sources */ = {isa = PBXBuildFile; fileRef = 5316D72928AC0FBE004C8A90 /* ViewController.swift */; };
		5316D72D28AC0FBE004C8A90 /* Main.storyboard in Resources */ = {isa = PBXBuildFile; fileRef = 5316D72B28AC0FBE004C8A90 /* Main.storyboard */; };
		5316D73228AC0FC2004C8A90 /* Assets.xcassets in Resources */ = {isa = PBXBuildFile; fileRef = 5316D73128AC0FC2004C8A90 /* Assets.xcassets */; };
		5316D73528AC0FC2004C8A90 /* LaunchScreen.storyboard in Resources */ = {isa = PBXBuildFile; fileRef = 5316D73328AC0FC2004C8A90 /* LaunchScreen.storyboard */; };
		5316D73D28AC129F004C8A90 /* RegistrationScreen.storyboard in Resources */ = {isa = PBXBuildFile; fileRef = 5316D73C28AC129E004C8A90 /* RegistrationScreen.storyboard */; };
		5316D73F28AC12E9004C8A90 /* IdentificationScreen.storyboard in Resources */ = {isa = PBXBuildFile; fileRef = 5316D73E28AC12E9004C8A90 /* IdentificationScreen.storyboard */; };
		5316D74128AC1313004C8A90 /* IdentificationViewController.swift in Sources */ = {isa = PBXBuildFile; fileRef = 5316D74028AC1313004C8A90 /* IdentificationViewController.swift */; };
		5316D74328AC1326004C8A90 /* RegistrationViewController.swift in Sources */ = {isa = PBXBuildFile; fileRef = 5316D74228AC1326004C8A90 /* RegistrationViewController.swift */; };
		533630CE28B7DE8200F139E7 /* ModelActiveTasks.swift in Sources */ = {isa = PBXBuildFile; fileRef = 533630CD28B7DE8200F139E7 /* ModelActiveTasks.swift */; };
		53378AC028BF7D37002749FE /* FillMainProfileInfoVC.swift in Sources */ = {isa = PBXBuildFile; fileRef = 53378ABF28BF7D37002749FE /* FillMainProfileInfoVC.swift */; };
		53378AC328BF7D62002749FE /* FillMainProfileInfo.storyboard in Resources */ = {isa = PBXBuildFile; fileRef = 53378AC228BF7D62002749FE /* FillMainProfileInfo.storyboard */; };
		53378AC828BF7E5A002749FE /* SetLoginProtocol.swift in Sources */ = {isa = PBXBuildFile; fileRef = 53378AC728BF7E5A002749FE /* SetLoginProtocol.swift */; };
		53378ACD28BF8600002749FE /* BelarusianCities.swift in Sources */ = {isa = PBXBuildFile; fileRef = 53378ACC28BF8600002749FE /* BelarusianCities.swift */; };
		53378ADD28C00ACA002749FE /* FillProfileInfoProtocols.swift in Sources */ = {isa = PBXBuildFile; fileRef = 53378ADC28C00ACA002749FE /* FillProfileInfoProtocols.swift */; };
		53378AE228C00B34002749FE /* SearchResultViewController.swift in Sources */ = {isa = PBXBuildFile; fileRef = 53378AE128C00B34002749FE /* SearchResultViewController.swift */; };
		53378AE528C05EFD002749FE /* FBProfileInfoModel.swift in Sources */ = {isa = PBXBuildFile; fileRef = 53378AE428C05EFD002749FE /* FBProfileInfoModel.swift */; };
		53378AE828C067F8002749FE /* FillAdditionalProfileInfo.storyboard in Resources */ = {isa = PBXBuildFile; fileRef = 53378AE728C067F8002749FE /* FillAdditionalProfileInfo.storyboard */; };
		53378AEB28C0681B002749FE /* FillAdditionalProfileInfoVC.swift in Sources */ = {isa = PBXBuildFile; fileRef = 53378AEA28C0681B002749FE /* FillAdditionalProfileInfoVC.swift */; };
		534700DC28B6099B00F23539 /* TasksTableViewController.swift in Sources */ = {isa = PBXBuildFile; fileRef = 534700DB28B6099A00F23539 /* TasksTableViewController.swift */; };
		534700DE28B6105C00F23539 /* TasksTableViewCell.swift in Sources */ = {isa = PBXBuildFile; fileRef = 534700DD28B6105C00F23539 /* TasksTableViewCell.swift */; };
		534700E028B6135300F23539 /* ModelTasks.swift in Sources */ = {isa = PBXBuildFile; fileRef = 534700DF28B6135300F23539 /* ModelTasks.swift */; };
		534700E228B621A700F23539 /* CreationTaskViewController.swift in Sources */ = {isa = PBXBuildFile; fileRef = 534700E128B621A700F23539 /* CreationTaskViewController.swift */; };
		534700ED28B679CC00F23539 /* APIManager.swift in Sources */ = {isa = PBXBuildFile; fileRef = 534700EC28B679CC00F23539 /* APIManager.swift */; };
		534700EF28B67C3A00F23539 /* Document.swift in Sources */ = {isa = PBXBuildFile; fileRef = 534700EE28B67C3A00F23539 /* Document.swift */; };
		534700F128B69D0F00F23539 /* GoogleService-Info.plist in Resources */ = {isa = PBXBuildFile; fileRef = 534700F028B69D0F00F23539 /* GoogleService-Info.plist */; };
		5348CBCD28C5C8BF00955D70 /* ForceQuitFromProfile.swift in Sources */ = {isa = PBXBuildFile; fileRef = 5348CBCC28C5C8BF00955D70 /* ForceQuitFromProfile.swift */; };
		5348CBD128C61E6C00955D70 /* ProfileSettingsProtocols.swift in Sources */ = {isa = PBXBuildFile; fileRef = 5348CBD028C61E6C00955D70 /* ProfileSettingsProtocols.swift */; };
		535FC1AB28C1F8D200A0BDE0 /* TextViewExtension.swift in Sources */ = {isa = PBXBuildFile; fileRef = 535FC1AA28C1F8D200A0BDE0 /* TextViewExtension.swift */; };
		535FC1AE28C21F1700A0BDE0 /* ChoosePreferencesViewController.swift in Sources */ = {isa = PBXBuildFile; fileRef = 535FC1AD28C21F1700A0BDE0 /* ChoosePreferencesViewController.swift */; };
		5372EACF28B7A95200F3FFA8 /* ActiveTasksScreen.storyboard in Resources */ = {isa = PBXBuildFile; fileRef = 5372EACE28B7A95200F3FFA8 /* ActiveTasksScreen.storyboard */; };
		5372EAD128B7ADD000F3FFA8 /* ActiveTasksViewController.swift in Sources */ = {isa = PBXBuildFile; fileRef = 5372EAD028B7ADD000F3FFA8 /* ActiveTasksViewController.swift */; };
		5372EAD328B7AEB000F3FFA8 /* ActiveTasksViewCell.swift in Sources */ = {isa = PBXBuildFile; fileRef = 5372EAD228B7AEB000F3FFA8 /* ActiveTasksViewCell.swift */; };
		5372EAD528B7B8F900F3FFA8 /* DeclataionOfTasksScreen.storyboard in Resources */ = {isa = PBXBuildFile; fileRef = 5372EAD428B7B8F900F3FFA8 /* DeclataionOfTasksScreen.storyboard */; };
		5372EAD728B7BCAF00F3FFA8 /* DeclarationOfTasksViewController.swift in Sources */ = {isa = PBXBuildFile; fileRef = 5372EAD628B7BCAF00F3FFA8 /* DeclarationOfTasksViewController.swift */; };
		53B0C84B28BF7288008B518B /* TaskMapViewController.swift in Sources */ = {isa = PBXBuildFile; fileRef = 53B0C84A28BF7288008B518B /* TaskMapViewController.swift */; };
		53B0C84D28BF72A3008B518B /* TaskMapScreen.storyboard in Resources */ = {isa = PBXBuildFile; fileRef = 53B0C84C28BF72A3008B518B /* TaskMapScreen.storyboard */; };
		53B0C84F28BF791B008B518B /* ResultsMapViewController.swift in Sources */ = {isa = PBXBuildFile; fileRef = 53B0C84E28BF791B008B518B /* ResultsMapViewController.swift */; };
		53B0C85128BF8C83008B518B /* GooglePlacesManager.swift in Sources */ = {isa = PBXBuildFile; fileRef = 53B0C85028BF8C83008B518B /* GooglePlacesManager.swift */; };
		5387573E28BE5E610007196E /* NewUserScreen.storyboard in Resources */ = {isa = PBXBuildFile; fileRef = 5387573D28BE5E610007196E /* NewUserScreen.storyboard */; };
		5387574128BE61E20007196E /* GreetingViewController.swift in Sources */ = {isa = PBXBuildFile; fileRef = 5387574028BE61E20007196E /* GreetingViewController.swift */; };
		5387574528BE6E590007196E /* KeychainSwiftExtension.swift in Sources */ = {isa = PBXBuildFile; fileRef = 5387574428BE6E590007196E /* KeychainSwiftExtension.swift */; };
		53BC393C28AD3D8900867BC9 /* AccountScreen.storyboard in Resources */ = {isa = PBXBuildFile; fileRef = 53BC393B28AD3D8900867BC9 /* AccountScreen.storyboard */; };
		53BC393E28AD3DE400867BC9 /* TasksScreen.storyboard in Resources */ = {isa = PBXBuildFile; fileRef = 53BC393D28AD3DE400867BC9 /* TasksScreen.storyboard */; };
		53BC394428AD43E300867BC9 /* MapScreen.storyboard in Resources */ = {isa = PBXBuildFile; fileRef = 53BC394328AD43E300867BC9 /* MapScreen.storyboard */; };
		53BC394628AD43FE00867BC9 /* MapViewController.swift in Sources */ = {isa = PBXBuildFile; fileRef = 53BC394528AD43FE00867BC9 /* MapViewController.swift */; };
		53DD85EB28C9FF2000FDD84D /* CreationTaskScreen.storyboard in Resources */ = {isa = PBXBuildFile; fileRef = 53DD85EA28C9FF2000FDD84D /* CreationTaskScreen.storyboard */; };
		53C9BA1928C4D9C700B1EFB7 /* StoryboardNames.swift in Sources */ = {isa = PBXBuildFile; fileRef = 53C9BA1828C4D9C700B1EFB7 /* StoryboardNames.swift */; };
		53C9BA1C28C5431900B1EFB7 /* ChangeActivityIndicatorStatusProtocol.swift in Sources */ = {isa = PBXBuildFile; fileRef = 53C9BA1B28C5431900B1EFB7 /* ChangeActivityIndicatorStatusProtocol.swift */; };
		53DEBCE728C5862500204E1D /* SettingsTableViewController.swift in Sources */ = {isa = PBXBuildFile; fileRef = 53DEBCE628C5862500204E1D /* SettingsTableViewController.swift */; };
		CE15417C28B266E0007731FA /* PopViewController.swift in Sources */ = {isa = PBXBuildFile; fileRef = CE15417B28B266E0007731FA /* PopViewController.swift */; };
		CE15418A28B29A71007731FA /* RegistrationEnumeration.swift in Sources */ = {isa = PBXBuildFile; fileRef = CE15418928B29A71007731FA /* RegistrationEnumeration.swift */; };
		CE26DC8228B414CD0022F401 /* PhoneNumberVerification.swift in Sources */ = {isa = PBXBuildFile; fileRef = CE26DC8128B414CD0022F401 /* PhoneNumberVerification.swift */; };
		CE26DC8528B4393F0022F401 /* ConstantValues.swift in Sources */ = {isa = PBXBuildFile; fileRef = CE26DC8428B4393F0022F401 /* ConstantValues.swift */; };
		CE26DC8928B4A4BA0022F401 /* SMSManagerResultEnum.swift in Sources */ = {isa = PBXBuildFile; fileRef = CE26DC8828B4A4BA0022F401 /* SMSManagerResultEnum.swift */; };
		CE2985F328B3759700B4AE9D /* KarmusDataBase.xcdatamodeld in Sources */ = {isa = PBXBuildFile; fileRef = CE2985F128B3759700B4AE9D /* KarmusDataBase.xcdatamodeld */; };
		CE29860F28B37C8B00B4AE9D /* StringExtension.swift in Sources */ = {isa = PBXBuildFile; fileRef = CE29860E28B37C8B00B4AE9D /* StringExtension.swift */; };
		CE29861F28B3C55B00B4AE9D /* SMSManager.swift in Sources */ = {isa = PBXBuildFile; fileRef = CE29861E28B3C55B00B4AE9D /* SMSManager.swift */; };
		CE29862328B3C6A700B4AE9D /* SMSAPIConstants.swift in Sources */ = {isa = PBXBuildFile; fileRef = CE29862228B3C6A700B4AE9D /* SMSAPIConstants.swift */; };
		CE29863028B3E0E200B4AE9D /* BalanceModel.swift in Sources */ = {isa = PBXBuildFile; fileRef = CE29862F28B3E0E200B4AE9D /* BalanceModel.swift */; };
		CE29863328B3E12C00B4AE9D /* ResultModel.swift in Sources */ = {isa = PBXBuildFile; fileRef = CE29863228B3E12C00B4AE9D /* ResultModel.swift */; };
		CE29863A28B3F55300B4AE9D /* CodeGenerate.swift in Sources */ = {isa = PBXBuildFile; fileRef = CE29863928B3F55300B4AE9D /* CodeGenerate.swift */; };
		CE29863E28B400B800B4AE9D /* ConstantKeys.swift in Sources */ = {isa = PBXBuildFile; fileRef = CE29863D28B400B800B4AE9D /* ConstantKeys.swift */; };
		CE29864128B4054B00B4AE9D /* DateExtension.swift in Sources */ = {isa = PBXBuildFile; fileRef = CE29864028B4054B00B4AE9D /* DateExtension.swift */; };
		CE3A8A6728B8204600BCE54A /* FireBaseProfileModel.swift in Sources */ = {isa = PBXBuildFile; fileRef = CE3A8A6628B8204600BCE54A /* FireBaseProfileModel.swift */; };
		CE3A8A6A28B8226900BCE54A /* FireBaseKeys.swift in Sources */ = {isa = PBXBuildFile; fileRef = CE3A8A6928B8226900BCE54A /* FireBaseKeys.swift */; };
		CE3A8A6F28B8389800BCE54A /* FireBaseEnumerations.swift in Sources */ = {isa = PBXBuildFile; fileRef = CE3A8A6E28B8389800BCE54A /* FireBaseEnumerations.swift */; };
		CE3A8A7628B8473600BCE54A /* ProfileModelConstants.swift in Sources */ = {isa = PBXBuildFile; fileRef = CE3A8A7528B8473600BCE54A /* ProfileModelConstants.swift */; };
		CE50DF0F28B78FD100D90D4A /* AntiSpam.swift in Sources */ = {isa = PBXBuildFile; fileRef = CE50DF0E28B78FD100D90D4A /* AntiSpam.swift */; };
		CE50DF1228B7B20800D90D4A /* DefaultAlert.swift in Sources */ = {isa = PBXBuildFile; fileRef = CE50DF1128B7B20800D90D4A /* DefaultAlert.swift */; };
		CE50DF6E28B7FC3000D90D4A /* FireBaseManager.swift in Sources */ = {isa = PBXBuildFile; fileRef = CE50DF6D28B7FC3000D90D4A /* FireBaseManager.swift */; };
		CEDE8C1D28ACFF1F00957E21 /* ConstantReferences.swift in Sources */ = {isa = PBXBuildFile; fileRef = CEDE8C1C28ACFF1F00957E21 /* ConstantReferences.swift */; };
		CEE6717528B61BB600CC8853 /* Reachability.swift in Sources */ = {isa = PBXBuildFile; fileRef = CEE6717428B61BB600CC8853 /* Reachability.swift */; };
		CEE6717F28B621C100CC8853 /* PhoneVerificationEnumerations.swift in Sources */ = {isa = PBXBuildFile; fileRef = CEE6717E28B621C100CC8853 /* PhoneVerificationEnumerations.swift */; };
/* End PBXBuildFile section */

/* Begin PBXFileReference section */
		530A412928C2390E00CA7F84 /* ConditionTaskScreen.storyboard */ = {isa = PBXFileReference; lastKnownFileType = file.storyboard; path = ConditionTaskScreen.storyboard; sourceTree = "<group>"; };
		530A412B28C2393100CA7F84 /* ConditionTaskViewController.swift */ = {isa = PBXFileReference; lastKnownFileType = sourcecode.swift; path = ConditionTaskViewController.swift; sourceTree = "<group>"; };
		530A415928C499A300CA7F84 /* ProcessingTaskScreen.storyboard */ = {isa = PBXFileReference; lastKnownFileType = file.storyboard; path = ProcessingTaskScreen.storyboard; sourceTree = "<group>"; };
		530A415B28C49A0400CA7F84 /* ComplitedTasksTableViewController.swift */ = {isa = PBXFileReference; lastKnownFileType = sourcecode.swift; path = ComplitedTasksTableViewController.swift; sourceTree = "<group>"; };
		530A415D28C49A3C00CA7F84 /* ComplitedTasksScreen.storyboard */ = {isa = PBXFileReference; lastKnownFileType = file.storyboard; path = ComplitedTasksScreen.storyboard; sourceTree = "<group>"; };
		530A415F28C49A6A00CA7F84 /* ProcessingTaskViewController.swift */ = {isa = PBXFileReference; lastKnownFileType = sourcecode.swift; path = ProcessingTaskViewController.swift; sourceTree = "<group>"; };
		530A416128C4B29200CA7F84 /* ComplitedTasksTableViewCell.swift */ = {isa = PBXFileReference; lastKnownFileType = sourcecode.swift; path = ComplitedTasksTableViewCell.swift; sourceTree = "<group>"; };
		5316D72228AC0FBE004C8A90 /* Karmus.app */ = {isa = PBXFileReference; explicitFileType = wrapper.application; includeInIndex = 0; path = Karmus.app; sourceTree = BUILT_PRODUCTS_DIR; };
		5316D72528AC0FBE004C8A90 /* AppDelegate.swift */ = {isa = PBXFileReference; lastKnownFileType = sourcecode.swift; path = AppDelegate.swift; sourceTree = "<group>"; };
		5316D72728AC0FBE004C8A90 /* SceneDelegate.swift */ = {isa = PBXFileReference; lastKnownFileType = sourcecode.swift; path = SceneDelegate.swift; sourceTree = "<group>"; };
		5316D72928AC0FBE004C8A90 /* ViewController.swift */ = {isa = PBXFileReference; lastKnownFileType = sourcecode.swift; path = ViewController.swift; sourceTree = "<group>"; };
		5316D72C28AC0FBE004C8A90 /* Base */ = {isa = PBXFileReference; lastKnownFileType = file.storyboard; name = Base; path = Base.lproj/Main.storyboard; sourceTree = "<group>"; };
		5316D73128AC0FC2004C8A90 /* Assets.xcassets */ = {isa = PBXFileReference; lastKnownFileType = folder.assetcatalog; path = Assets.xcassets; sourceTree = "<group>"; };
		5316D73428AC0FC2004C8A90 /* Base */ = {isa = PBXFileReference; lastKnownFileType = file.storyboard; name = Base; path = Base.lproj/LaunchScreen.storyboard; sourceTree = "<group>"; };
		5316D73628AC0FC2004C8A90 /* Info.plist */ = {isa = PBXFileReference; lastKnownFileType = text.plist.xml; path = Info.plist; sourceTree = "<group>"; };
		5316D73C28AC129E004C8A90 /* RegistrationScreen.storyboard */ = {isa = PBXFileReference; lastKnownFileType = file.storyboard; path = RegistrationScreen.storyboard; sourceTree = "<group>"; };
		5316D73E28AC12E9004C8A90 /* IdentificationScreen.storyboard */ = {isa = PBXFileReference; lastKnownFileType = file.storyboard; path = IdentificationScreen.storyboard; sourceTree = "<group>"; };
		5316D74028AC1313004C8A90 /* IdentificationViewController.swift */ = {isa = PBXFileReference; lastKnownFileType = sourcecode.swift; path = IdentificationViewController.swift; sourceTree = "<group>"; };
		5316D74228AC1326004C8A90 /* RegistrationViewController.swift */ = {isa = PBXFileReference; lastKnownFileType = sourcecode.swift; path = RegistrationViewController.swift; sourceTree = "<group>"; };
		533630CD28B7DE8200F139E7 /* ModelActiveTasks.swift */ = {isa = PBXFileReference; lastKnownFileType = sourcecode.swift; path = ModelActiveTasks.swift; sourceTree = "<group>"; };
		53378ABF28BF7D37002749FE /* FillMainProfileInfoVC.swift */ = {isa = PBXFileReference; lastKnownFileType = sourcecode.swift; path = FillMainProfileInfoVC.swift; sourceTree = "<group>"; };
		53378AC228BF7D62002749FE /* FillMainProfileInfo.storyboard */ = {isa = PBXFileReference; lastKnownFileType = file.storyboard; path = FillMainProfileInfo.storyboard; sourceTree = "<group>"; };
		53378AC728BF7E5A002749FE /* SetLoginProtocol.swift */ = {isa = PBXFileReference; lastKnownFileType = sourcecode.swift; path = SetLoginProtocol.swift; sourceTree = "<group>"; };
		53378ACC28BF8600002749FE /* BelarusianCities.swift */ = {isa = PBXFileReference; lastKnownFileType = sourcecode.swift; path = BelarusianCities.swift; sourceTree = "<group>"; };
		53378ADC28C00ACA002749FE /* FillProfileInfoProtocols.swift */ = {isa = PBXFileReference; lastKnownFileType = sourcecode.swift; path = FillProfileInfoProtocols.swift; sourceTree = "<group>"; };
		53378AE128C00B34002749FE /* SearchResultViewController.swift */ = {isa = PBXFileReference; lastKnownFileType = sourcecode.swift; path = SearchResultViewController.swift; sourceTree = "<group>"; };
		53378AE428C05EFD002749FE /* FBProfileInfoModel.swift */ = {isa = PBXFileReference; lastKnownFileType = sourcecode.swift; path = FBProfileInfoModel.swift; sourceTree = "<group>"; };
		53378AE728C067F8002749FE /* FillAdditionalProfileInfo.storyboard */ = {isa = PBXFileReference; lastKnownFileType = file.storyboard; path = FillAdditionalProfileInfo.storyboard; sourceTree = "<group>"; };
		53378AEA28C0681B002749FE /* FillAdditionalProfileInfoVC.swift */ = {isa = PBXFileReference; lastKnownFileType = sourcecode.swift; path = FillAdditionalProfileInfoVC.swift; sourceTree = "<group>"; };
		534700DB28B6099A00F23539 /* TasksTableViewController.swift */ = {isa = PBXFileReference; lastKnownFileType = sourcecode.swift; path = TasksTableViewController.swift; sourceTree = "<group>"; };
		534700DD28B6105C00F23539 /* TasksTableViewCell.swift */ = {isa = PBXFileReference; lastKnownFileType = sourcecode.swift; path = TasksTableViewCell.swift; sourceTree = "<group>"; };
		534700DF28B6135300F23539 /* ModelTasks.swift */ = {isa = PBXFileReference; lastKnownFileType = sourcecode.swift; path = ModelTasks.swift; sourceTree = "<group>"; };
		534700E128B621A700F23539 /* CreationTaskViewController.swift */ = {isa = PBXFileReference; lastKnownFileType = sourcecode.swift; path = CreationTaskViewController.swift; sourceTree = "<group>"; };
		534700EC28B679CC00F23539 /* APIManager.swift */ = {isa = PBXFileReference; lastKnownFileType = sourcecode.swift; path = APIManager.swift; sourceTree = "<group>"; };
		534700EE28B67C3A00F23539 /* Document.swift */ = {isa = PBXFileReference; lastKnownFileType = sourcecode.swift; path = Document.swift; sourceTree = "<group>"; };
		534700F028B69D0F00F23539 /* GoogleService-Info.plist */ = {isa = PBXFileReference; fileEncoding = 4; lastKnownFileType = text.plist.xml; path = "GoogleService-Info.plist"; sourceTree = "<group>"; };
		5348CBCC28C5C8BF00955D70 /* ForceQuitFromProfile.swift */ = {isa = PBXFileReference; lastKnownFileType = sourcecode.swift; path = ForceQuitFromProfile.swift; sourceTree = "<group>"; };
		5348CBD028C61E6C00955D70 /* ProfileSettingsProtocols.swift */ = {isa = PBXFileReference; lastKnownFileType = sourcecode.swift; path = ProfileSettingsProtocols.swift; sourceTree = "<group>"; };
		535FC1AA28C1F8D200A0BDE0 /* TextViewExtension.swift */ = {isa = PBXFileReference; lastKnownFileType = sourcecode.swift; path = TextViewExtension.swift; sourceTree = "<group>"; };
		535FC1AD28C21F1700A0BDE0 /* ChoosePreferencesViewController.swift */ = {isa = PBXFileReference; lastKnownFileType = sourcecode.swift; path = ChoosePreferencesViewController.swift; sourceTree = "<group>"; };
		5372EACE28B7A95200F3FFA8 /* ActiveTasksScreen.storyboard */ = {isa = PBXFileReference; lastKnownFileType = file.storyboard; path = ActiveTasksScreen.storyboard; sourceTree = "<group>"; };
		5372EAD028B7ADD000F3FFA8 /* ActiveTasksViewController.swift */ = {isa = PBXFileReference; lastKnownFileType = sourcecode.swift; path = ActiveTasksViewController.swift; sourceTree = "<group>"; };
		5372EAD228B7AEB000F3FFA8 /* ActiveTasksViewCell.swift */ = {isa = PBXFileReference; lastKnownFileType = sourcecode.swift; path = ActiveTasksViewCell.swift; sourceTree = "<group>"; };
		5372EAD428B7B8F900F3FFA8 /* DeclataionOfTasksScreen.storyboard */ = {isa = PBXFileReference; lastKnownFileType = file.storyboard; path = DeclataionOfTasksScreen.storyboard; sourceTree = "<group>"; };
		5372EAD628B7BCAF00F3FFA8 /* DeclarationOfTasksViewController.swift */ = {isa = PBXFileReference; lastKnownFileType = sourcecode.swift; path = DeclarationOfTasksViewController.swift; sourceTree = "<group>"; };
		53B0C84A28BF7288008B518B /* TaskMapViewController.swift */ = {isa = PBXFileReference; lastKnownFileType = sourcecode.swift; path = TaskMapViewController.swift; sourceTree = "<group>"; };
		53B0C84C28BF72A3008B518B /* TaskMapScreen.storyboard */ = {isa = PBXFileReference; lastKnownFileType = file.storyboard; path = TaskMapScreen.storyboard; sourceTree = "<group>"; };
		53B0C84E28BF791B008B518B /* ResultsMapViewController.swift */ = {isa = PBXFileReference; lastKnownFileType = sourcecode.swift; path = ResultsMapViewController.swift; sourceTree = "<group>"; };
		53B0C85028BF8C83008B518B /* GooglePlacesManager.swift */ = {isa = PBXFileReference; lastKnownFileType = sourcecode.swift; path = GooglePlacesManager.swift; sourceTree = "<group>"; };
		5387573D28BE5E610007196E /* NewUserScreen.storyboard */ = {isa = PBXFileReference; lastKnownFileType = file.storyboard; path = NewUserScreen.storyboard; sourceTree = "<group>"; };
		5387574028BE61E20007196E /* GreetingViewController.swift */ = {isa = PBXFileReference; lastKnownFileType = sourcecode.swift; path = GreetingViewController.swift; sourceTree = "<group>"; };
		5387574428BE6E590007196E /* KeychainSwiftExtension.swift */ = {isa = PBXFileReference; lastKnownFileType = sourcecode.swift; path = KeychainSwiftExtension.swift; sourceTree = "<group>"; };
		53BC393B28AD3D8900867BC9 /* AccountScreen.storyboard */ = {isa = PBXFileReference; lastKnownFileType = file.storyboard; path = AccountScreen.storyboard; sourceTree = "<group>"; };
		53BC393D28AD3DE400867BC9 /* TasksScreen.storyboard */ = {isa = PBXFileReference; lastKnownFileType = file.storyboard; path = TasksScreen.storyboard; sourceTree = "<group>"; };
		53BC394328AD43E300867BC9 /* MapScreen.storyboard */ = {isa = PBXFileReference; lastKnownFileType = file.storyboard; path = MapScreen.storyboard; sourceTree = "<group>"; };
		53BC394528AD43FE00867BC9 /* MapViewController.swift */ = {isa = PBXFileReference; lastKnownFileType = sourcecode.swift; path = MapViewController.swift; sourceTree = "<group>"; };
		53DD85EA28C9FF2000FDD84D /* CreationTaskScreen.storyboard */ = {isa = PBXFileReference; fileEncoding = 4; lastKnownFileType = file.storyboard; path = CreationTaskScreen.storyboard; sourceTree = "<group>"; };
		59BABBC8549E512DF96278DA /* Pods-Karmus.debug.xcconfig */ = {isa = PBXFileReference; includeInIndex = 1; lastKnownFileType = text.xcconfig; name = "Pods-Karmus.debug.xcconfig"; path = "Target Support Files/Pods-Karmus/Pods-Karmus.debug.xcconfig"; sourceTree = "<group>"; };
		6982DCEAC19D342C87CB2079 /* Pods_Karmus.framework */ = {isa = PBXFileReference; explicitFileType = wrapper.framework; includeInIndex = 0; path = Pods_Karmus.framework; sourceTree = BUILT_PRODUCTS_DIR; };
		9A8A9A8FE33EDFFB1F086985 /* Pods-Karmus.release.xcconfig */ = {isa = PBXFileReference; includeInIndex = 1; lastKnownFileType = text.xcconfig; name = "Pods-Karmus.release.xcconfig"; path = "Target Support Files/Pods-Karmus/Pods-Karmus.release.xcconfig"; sourceTree = "<group>"; };
		53C9BA1828C4D9C700B1EFB7 /* StoryboardNames.swift */ = {isa = PBXFileReference; lastKnownFileType = sourcecode.swift; path = StoryboardNames.swift; sourceTree = "<group>"; };
		53C9BA1B28C5431900B1EFB7 /* ChangeActivityIndicatorStatusProtocol.swift */ = {isa = PBXFileReference; lastKnownFileType = sourcecode.swift; path = ChangeActivityIndicatorStatusProtocol.swift; sourceTree = "<group>"; };
		53DEBCE628C5862500204E1D /* SettingsTableViewController.swift */ = {isa = PBXFileReference; lastKnownFileType = sourcecode.swift; path = SettingsTableViewController.swift; sourceTree = "<group>"; };
		CE15417B28B266E0007731FA /* PopViewController.swift */ = {isa = PBXFileReference; lastKnownFileType = sourcecode.swift; path = PopViewController.swift; sourceTree = "<group>"; };
		CE15418928B29A71007731FA /* RegistrationEnumeration.swift */ = {isa = PBXFileReference; lastKnownFileType = sourcecode.swift; path = RegistrationEnumeration.swift; sourceTree = "<group>"; };
		CE26DC8128B414CD0022F401 /* PhoneNumberVerification.swift */ = {isa = PBXFileReference; lastKnownFileType = sourcecode.swift; path = PhoneNumberVerification.swift; sourceTree = "<group>"; };
		CE26DC8428B4393F0022F401 /* ConstantValues.swift */ = {isa = PBXFileReference; lastKnownFileType = sourcecode.swift; path = ConstantValues.swift; sourceTree = "<group>"; };
		CE26DC8828B4A4BA0022F401 /* SMSManagerResultEnum.swift */ = {isa = PBXFileReference; lastKnownFileType = sourcecode.swift; path = SMSManagerResultEnum.swift; sourceTree = "<group>"; };
		CE2985F228B3759700B4AE9D /* Karmus.xcdatamodel */ = {isa = PBXFileReference; lastKnownFileType = wrapper.xcdatamodel; path = Karmus.xcdatamodel; sourceTree = "<group>"; };
		CE29860E28B37C8B00B4AE9D /* StringExtension.swift */ = {isa = PBXFileReference; fileEncoding = 4; lastKnownFileType = sourcecode.swift; path = StringExtension.swift; sourceTree = "<group>"; };
		CE29861E28B3C55B00B4AE9D /* SMSManager.swift */ = {isa = PBXFileReference; lastKnownFileType = sourcecode.swift; path = SMSManager.swift; sourceTree = "<group>"; };
		CE29862228B3C6A700B4AE9D /* SMSAPIConstants.swift */ = {isa = PBXFileReference; lastKnownFileType = sourcecode.swift; path = SMSAPIConstants.swift; sourceTree = "<group>"; };
		CE29862F28B3E0E200B4AE9D /* BalanceModel.swift */ = {isa = PBXFileReference; lastKnownFileType = sourcecode.swift; path = BalanceModel.swift; sourceTree = "<group>"; };
		CE29863228B3E12C00B4AE9D /* ResultModel.swift */ = {isa = PBXFileReference; lastKnownFileType = sourcecode.swift; path = ResultModel.swift; sourceTree = "<group>"; };
		CE29863928B3F55300B4AE9D /* CodeGenerate.swift */ = {isa = PBXFileReference; lastKnownFileType = sourcecode.swift; path = CodeGenerate.swift; sourceTree = "<group>"; };
		CE29863D28B400B800B4AE9D /* ConstantKeys.swift */ = {isa = PBXFileReference; lastKnownFileType = sourcecode.swift; path = ConstantKeys.swift; sourceTree = "<group>"; };
		CE29864028B4054B00B4AE9D /* DateExtension.swift */ = {isa = PBXFileReference; lastKnownFileType = sourcecode.swift; path = DateExtension.swift; sourceTree = "<group>"; };
		CE3A8A6628B8204600BCE54A /* FireBaseProfileModel.swift */ = {isa = PBXFileReference; lastKnownFileType = sourcecode.swift; path = FireBaseProfileModel.swift; sourceTree = "<group>"; };
		CE3A8A6928B8226900BCE54A /* FireBaseKeys.swift */ = {isa = PBXFileReference; lastKnownFileType = sourcecode.swift; path = FireBaseKeys.swift; sourceTree = "<group>"; };
		CE3A8A6E28B8389800BCE54A /* FireBaseEnumerations.swift */ = {isa = PBXFileReference; lastKnownFileType = sourcecode.swift; path = FireBaseEnumerations.swift; sourceTree = "<group>"; };
		CE3A8A7528B8473600BCE54A /* ProfileModelConstants.swift */ = {isa = PBXFileReference; lastKnownFileType = sourcecode.swift; path = ProfileModelConstants.swift; sourceTree = "<group>"; };
		CE50DF0E28B78FD100D90D4A /* AntiSpam.swift */ = {isa = PBXFileReference; lastKnownFileType = sourcecode.swift; path = AntiSpam.swift; sourceTree = "<group>"; };
		CE50DF1128B7B20800D90D4A /* DefaultAlert.swift */ = {isa = PBXFileReference; lastKnownFileType = sourcecode.swift; path = DefaultAlert.swift; sourceTree = "<group>"; };
		CE50DF6D28B7FC3000D90D4A /* FireBaseManager.swift */ = {isa = PBXFileReference; lastKnownFileType = sourcecode.swift; name = FireBaseManager.swift; path = "../New Group/FireBaseManager.swift"; sourceTree = "<group>"; };
		CEDE8C1C28ACFF1F00957E21 /* ConstantReferences.swift */ = {isa = PBXFileReference; lastKnownFileType = sourcecode.swift; path = ConstantReferences.swift; sourceTree = "<group>"; };
		CEE6717428B61BB600CC8853 /* Reachability.swift */ = {isa = PBXFileReference; lastKnownFileType = sourcecode.swift; path = Reachability.swift; sourceTree = "<group>"; };
		CEE6717E28B621C100CC8853 /* PhoneVerificationEnumerations.swift */ = {isa = PBXFileReference; lastKnownFileType = sourcecode.swift; path = PhoneVerificationEnumerations.swift; sourceTree = "<group>"; };
/* End PBXFileReference section */

/* Begin PBXFrameworksBuildPhase section */
		5316D71F28AC0FBE004C8A90 /* Frameworks */ = {
			isa = PBXFrameworksBuildPhase;
			buildActionMask = 2147483647;
			files = (
			);
			runOnlyForDeploymentPostprocessing = 0;
		};
/* End PBXFrameworksBuildPhase section */

/* Begin PBXGroup section */
		5316D71928AC0FBE004C8A90 = {
			isa = PBXGroup;
			children = (
				5316D72428AC0FBE004C8A90 /* Karmus */,
				5316D72328AC0FBE004C8A90 /* Products */,
				EFE8003D3A212837F1ABA9F0 /* Pods */,
			);
			sourceTree = "<group>";
		};
		5316D72328AC0FBE004C8A90 /* Products */ = {
			isa = PBXGroup;
			children = (
				5316D72228AC0FBE004C8A90 /* Karmus.app */,
			);
			name = Products;
			sourceTree = "<group>";
		};
		5316D72428AC0FBE004C8A90 /* Karmus */ = {
			isa = PBXGroup;
			children = (
				CE29861C28B3C52800B4AE9D /* Network */,
				CE70E85728ACDC0C001F508B /* Application */,
				CE70E85528ACDBD6001F508B /* CoreData */,
				CE70E85A28ACDC57001F508B /* Modules */,
				CE70E85B28ACDC6E001F508B /* Resources */,
				CE6EBC0A28ACEE080095F9BA /* Utils */,
				5316D73628AC0FC2004C8A90 /* Info.plist */,
				534700F028B69D0F00F23539 /* GoogleService-Info.plist */,
			);
			path = Karmus;
			sourceTree = "<group>";
		};
		53378ABD28BF646E002749FE /* ChangeProfileInfo */ = {
			isa = PBXGroup;
			children = (
				53378ABF28BF7D37002749FE /* FillMainProfileInfoVC.swift */,
				53378AC228BF7D62002749FE /* FillMainProfileInfo.storyboard */,
				53378AE728C067F8002749FE /* FillAdditionalProfileInfo.storyboard */,
				53378AEA28C0681B002749FE /* FillAdditionalProfileInfoVC.swift */,
				535FC1AD28C21F1700A0BDE0 /* ChoosePreferencesViewController.swift */,
				53378AE128C00B34002749FE /* SearchResultViewController.swift */,
			);
			path = ChangeProfileInfo;
			sourceTree = "<group>";
		};
		53378AC628BF7E37002749FE /* Protocols */ = {
			isa = PBXGroup;
			children = (
				53378AC728BF7E5A002749FE /* SetLoginProtocol.swift */,
				53378ADC28C00ACA002749FE /* FillProfileInfoProtocols.swift */,
				53C9BA1B28C5431900B1EFB7 /* ChangeActivityIndicatorStatusProtocol.swift */,
				5348CBD028C61E6C00955D70 /* ProfileSettingsProtocols.swift */,
			);
			path = Protocols;
			sourceTree = "<group>";
		};
		53378ACB28BF85B1002749FE /* BelarusianCities */ = {
			isa = PBXGroup;
			children = (
				53378ACC28BF8600002749FE /* BelarusianCities.swift */,
			);
			path = BelarusianCities;
			sourceTree = "<group>";
		};
		5348CBD428C63E9A00955D70 /* ProfileTabBar */ = {
			isa = PBXGroup;
			children = (
				5348CBD528C63F6700955D70 /* Account */,
			);
			path = ProfileTabBar;
			sourceTree = "<group>";
		};
		5348CBD528C63F6700955D70 /* Account */ = {
			isa = PBXGroup;
			children = (
				53BC393B28AD3D8900867BC9 /* AccountScreen.storyboard */,
				53BC393F28AD3E8E00867BC9 /* AccountViewController.swift */,
				53DEBCE628C5862500204E1D /* SettingsTableViewController.swift */,
			);
			path = Account;
			sourceTree = "<group>";
		};
		5348CBD628C63FAD00955D70 /* Usefull functions */ = {
			isa = PBXGroup;
			children = (
				5348CBCC28C5C8BF00955D70 /* ForceQuitFromProfile.swift */,
				CE50DF1128B7B20800D90D4A /* DefaultAlert.swift */,
			);
			path = "Usefull functions";
			sourceTree = "<group>";
		};
		5348CBD728C63FDC00955D70 /* Verification */ = {
			isa = PBXGroup;
			children = (
				CE50DF0E28B78FD100D90D4A /* AntiSpam.swift */,
				CE29863928B3F55300B4AE9D /* CodeGenerate.swift */,
				CE26DC8128B414CD0022F401 /* PhoneNumberVerification.swift */,
			);
			path = Verification;
			sourceTree = "<group>";
		};
		5372EAD828B7DDB100F3FFA8 /* Models */ = {
			isa = PBXGroup;
			children = (
				534700DF28B6135300F23539 /* ModelTasks.swift */,
				533630CD28B7DE8200F139E7 /* ModelActiveTasks.swift */,
			);
			path = Models;
			sourceTree = "<group>";
		};
		5387573828BE5DEB0007196E /* NewUser */ = {
			isa = PBXGroup;
			children = (
				5387573D28BE5E610007196E /* NewUserScreen.storyboard */,
				5387574028BE61E20007196E /* GreetingViewController.swift */,
			);
			path = NewUser;
			sourceTree = "<group>";
		};
		CE15417A28B26693007731FA /* Registration */ = {
			isa = PBXGroup;
			children = (
				5316D73C28AC129E004C8A90 /* RegistrationScreen.storyboard */,
				CE15417B28B266E0007731FA /* PopViewController.swift */,
				5316D74228AC1326004C8A90 /* RegistrationViewController.swift */,
			);
			path = Registration;
			sourceTree = "<group>";
		};
		CE29860A28B37C5B00B4AE9D /* Extensions */ = {
			isa = PBXGroup;
			children = (
				CE29860E28B37C8B00B4AE9D /* StringExtension.swift */,
				CE29864028B4054B00B4AE9D /* DateExtension.swift */,
				5387574428BE6E590007196E /* KeychainSwiftExtension.swift */,
				535FC1AA28C1F8D200A0BDE0 /* TextViewExtension.swift */,
			);
			path = Extensions;
			sourceTree = "<group>";
		};
		CE29861C28B3C52800B4AE9D /* Network */ = {
			isa = PBXGroup;
			children = (
				CE3A8A6328B81F6600BCE54A /* FireBase */,
				534700EC28B679CC00F23539 /* APIManager.swift */,
				534700EE28B67C3A00F23539 /* Document.swift */,
				CE29861D28B3C53700B4AE9D /* SMS_API */,
				CEE6717428B61BB600CC8853 /* Reachability.swift */,
			);
			path = Network;
			sourceTree = "<group>";
		};
		CE29861D28B3C53700B4AE9D /* SMS_API */ = {
			isa = PBXGroup;
			children = (
				CE29862528B3CF0A00B4AE9D /* Model */,
				CE29861E28B3C55B00B4AE9D /* SMSManager.swift */,
				CE29862228B3C6A700B4AE9D /* SMSAPIConstants.swift */,
				CE26DC8828B4A4BA0022F401 /* SMSManagerResultEnum.swift */,
			);
			path = SMS_API;
			sourceTree = "<group>";
		};
		CE29862528B3CF0A00B4AE9D /* Model */ = {
			isa = PBXGroup;
			children = (
				CE29862F28B3E0E200B4AE9D /* BalanceModel.swift */,
				CE29863228B3E12C00B4AE9D /* ResultModel.swift */,
			);
			path = Model;
			sourceTree = "<group>";
		};
		CE3A8A6328B81F6600BCE54A /* FireBase */ = {
			isa = PBXGroup;
			children = (
				CE3A8A6528B8202B00BCE54A /* Models */,
				CE50DF6D28B7FC3000D90D4A /* FireBaseManager.swift */,
				CE3A8A6928B8226900BCE54A /* FireBaseKeys.swift */,
				53B0C85028BF8C83008B518B /* GooglePlacesManager.swift */,
			);
			path = FireBase;
			sourceTree = "<group>";
		};
		CE3A8A6528B8202B00BCE54A /* Models */ = {
			isa = PBXGroup;
			children = (
				CE3A8A6628B8204600BCE54A /* FireBaseProfileModel.swift */,
				53378AE428C05EFD002749FE /* FBProfileInfoModel.swift */,
			);
			path = Models;
			sourceTree = "<group>";
		};
		CE6EBC0A28ACEE080095F9BA /* Utils */ = {
			isa = PBXGroup;
			children = (
				53378ACB28BF85B1002749FE /* BelarusianCities */,
				53378AC628BF7E37002749FE /* Protocols */,
				CEE6717C28B61EB800CC8853 /* Enumerations */,
				5348CBD728C63FDC00955D70 /* Verification */,
				5348CBD628C63FAD00955D70 /* Usefull functions */,
				CE29860A28B37C5B00B4AE9D /* Extensions */,
				CEDE8C1A28ACFEEE00957E21 /* Constants */,
			);
			path = Utils;
			sourceTree = "<group>";
		};
		CE70E85528ACDBD6001F508B /* CoreData */ = {
			isa = PBXGroup;
			children = (
				CE2985F128B3759700B4AE9D /* KarmusDataBase.xcdatamodeld */,
			);
			path = CoreData;
			sourceTree = "<group>";
		};
		CE70E85728ACDC0C001F508B /* Application */ = {
			isa = PBXGroup;
			children = (
				5316D72528AC0FBE004C8A90 /* AppDelegate.swift */,
				5316D72728AC0FBE004C8A90 /* SceneDelegate.swift */,
			);
			path = Application;
			sourceTree = "<group>";
		};
		CE70E85A28ACDC57001F508B /* Modules */ = {
			isa = PBXGroup;
			children = (
				5316D73328AC0FC2004C8A90 /* LaunchScreen.storyboard */,
				53378ABD28BF646E002749FE /* ChangeProfileInfo */,
				5387573828BE5DEB0007196E /* NewUser */,
				CE70E86128ACDE01001F508B /* MainNavigation */,
				5348CBD428C63E9A00955D70 /* ProfileTabBar */,
			);
			path = Modules;
			sourceTree = "<group>";
		};
		CE70E85B28ACDC6E001F508B /* Resources */ = {
			isa = PBXGroup;
			children = (
				5316D73128AC0FC2004C8A90 /* Assets.xcassets */,
			);
			path = Resources;
			sourceTree = "<group>";
		};
		CE70E86128ACDE01001F508B /* MainNavigation */ = {
			isa = PBXGroup;
			children = (
				CEE6718528B6563400CC8853 /* Identification */,
				5372EAD828B7DDB100F3FFA8 /* Models */,
				5316D72928AC0FBE004C8A90 /* ViewController.swift */,
				CE15417A28B26693007731FA /* Registration */,
				5316D72B28AC0FBE004C8A90 /* Main.storyboard */,
				53BC393D28AD3DE400867BC9 /* TasksScreen.storyboard */,
				530A415928C499A300CA7F84 /* ProcessingTaskScreen.storyboard */,
				530A415F28C49A6A00CA7F84 /* ProcessingTaskViewController.swift */,
				530A415B28C49A0400CA7F84 /* ComplitedTasksTableViewController.swift */,
				530A416128C4B29200CA7F84 /* ComplitedTasksTableViewCell.swift */,
				530A415D28C49A3C00CA7F84 /* ComplitedTasksScreen.storyboard */,
				534700DB28B6099A00F23539 /* TasksTableViewController.swift */,
				534700DD28B6105C00F23539 /* TasksTableViewCell.swift */,
				534700E128B621A700F23539 /* CreationTaskViewController.swift */,
				53DD85EA28C9FF2000FDD84D /* CreationTaskScreen.storyboard */,
				53BC394328AD43E300867BC9 /* MapScreen.storyboard */,
				53BC394528AD43FE00867BC9 /* MapViewController.swift */,
				5372EACE28B7A95200F3FFA8 /* ActiveTasksScreen.storyboard */,
				5372EAD228B7AEB000F3FFA8 /* ActiveTasksViewCell.swift */,
				5372EAD028B7ADD000F3FFA8 /* ActiveTasksViewController.swift */,
				5372EAD428B7B8F900F3FFA8 /* DeclataionOfTasksScreen.storyboard */,
				5372EAD628B7BCAF00F3FFA8 /* DeclarationOfTasksViewController.swift */,
				53B0C84A28BF7288008B518B /* TaskMapViewController.swift */,
				53B0C84C28BF72A3008B518B /* TaskMapScreen.storyboard */,
				53B0C84E28BF791B008B518B /* ResultsMapViewController.swift */,
				530A412928C2390E00CA7F84 /* ConditionTaskScreen.storyboard */,
				530A412B28C2393100CA7F84 /* ConditionTaskViewController.swift */,
			);
			path = MainNavigation;
			sourceTree = "<group>";
		};
		CEDE8C1A28ACFEEE00957E21 /* Constants */ = {
			isa = PBXGroup;
			children = (
				CEDE8C1C28ACFF1F00957E21 /* ConstantReferences.swift */,
				CE29863D28B400B800B4AE9D /* ConstantKeys.swift */,
				CE26DC8428B4393F0022F401 /* ConstantValues.swift */,
				CE3A8A7528B8473600BCE54A /* ProfileModelConstants.swift */,
				53C9BA1828C4D9C700B1EFB7 /* StoryboardNames.swift */,
			);
			path = Constants;
			sourceTree = "<group>";
		};
		CEE6717C28B61EB800CC8853 /* Enumerations */ = {
			isa = PBXGroup;
			children = (
				CE15418928B29A71007731FA /* RegistrationEnumeration.swift */,
				CEE6717E28B621C100CC8853 /* PhoneVerificationEnumerations.swift */,
				CE3A8A6E28B8389800BCE54A /* FireBaseEnumerations.swift */,
			);
			path = Enumerations;
			sourceTree = "<group>";
		};
		CEE6718528B6563400CC8853 /* Identification */ = {
			isa = PBXGroup;
			children = (
				5316D73E28AC12E9004C8A90 /* IdentificationScreen.storyboard */,
				5316D74028AC1313004C8A90 /* IdentificationViewController.swift */,
			);
			path = Identification;
			sourceTree = "<group>";
		};
		EFE8003D3A212837F1ABA9F0 /* Pods */ = {
			isa = PBXGroup;
			children = (
			);
			path = Pods;
			sourceTree = "<group>";
		};
/* End PBXGroup section */

/* Begin PBXNativeTarget section */
		5316D72128AC0FBE004C8A90 /* Karmus */ = {
			isa = PBXNativeTarget;
			buildConfigurationList = 5316D73928AC0FC2004C8A90 /* Build configuration list for PBXNativeTarget "Karmus" */;
			buildPhases = (
				5316D71E28AC0FBE004C8A90 /* Sources */,
				5316D71F28AC0FBE004C8A90 /* Frameworks */,
				5316D72028AC0FBE004C8A90 /* Resources */,
				E93D05C043C026571FBFB365 /* [CP] Embed Pods Frameworks */,
				661B7B53EC7C84901CA50EC2 /* [CP] Copy Pods Resources */,
			);
			buildRules = (
			);
			dependencies = (
			);
			name = Karmus;
			productName = Karmus;
			productReference = 5316D72228AC0FBE004C8A90 /* Karmus.app */;
			productType = "com.apple.product-type.application";
		};
/* End PBXNativeTarget section */

/* Begin PBXProject section */
		5316D71A28AC0FBE004C8A90 /* Project object */ = {
			isa = PBXProject;
			attributes = {
				BuildIndependentTargetsInParallel = 1;
				LastSwiftUpdateCheck = 1340;
				LastUpgradeCheck = 1340;
				TargetAttributes = {
					5316D72128AC0FBE004C8A90 = {
						CreatedOnToolsVersion = 13.4.1;
					};
				};
			};
			buildConfigurationList = 5316D71D28AC0FBE004C8A90 /* Build configuration list for PBXProject "Karmus" */;
			compatibilityVersion = "Xcode 12.0";
			developmentRegion = en;
			hasScannedForEncodings = 0;
			knownRegions = (
				en,
				Base,
			);
			mainGroup = 5316D71928AC0FBE004C8A90;
			productRefGroup = 5316D72328AC0FBE004C8A90 /* Products */;
			projectDirPath = "";
			projectRoot = "";
			targets = (
				5316D72128AC0FBE004C8A90 /* Karmus */,
			);
		};
/* End PBXProject section */

/* Begin PBXResourcesBuildPhase section */
		5316D72028AC0FBE004C8A90 /* Resources */ = {
			isa = PBXResourcesBuildPhase;
			buildActionMask = 2147483647;
			files = (
				53BC393E28AD3DE400867BC9 /* TasksScreen.storyboard in Resources */,
				53BC394428AD43E300867BC9 /* MapScreen.storyboard in Resources */,
				5316D73528AC0FC2004C8A90 /* LaunchScreen.storyboard in Resources */,
				530A412A28C2390E00CA7F84 /* ConditionTaskScreen.storyboard in Resources */,
				53378AE828C067F8002749FE /* FillAdditionalProfileInfo.storyboard in Resources */,
				5387573E28BE5E610007196E /* NewUserScreen.storyboard in Resources */,
				5316D73228AC0FC2004C8A90 /* Assets.xcassets in Resources */,
				5316D73F28AC12E9004C8A90 /* IdentificationScreen.storyboard in Resources */,
				53B0C84D28BF72A3008B518B /* TaskMapScreen.storyboard in Resources */,
				530A415A28C499A300CA7F84 /* ProcessingTaskScreen.storyboard in Resources */,
				5316D72D28AC0FBE004C8A90 /* Main.storyboard in Resources */,
				534700E428B621D900F23539 /* CreationTaskScreen.storyboard in Resources */,
				53378AC328BF7D62002749FE /* FillMainProfileInfo.storyboard in Resources */,
				534700F128B69D0F00F23539 /* GoogleService-Info.plist in Resources */,
				5316D73D28AC129F004C8A90 /* RegistrationScreen.storyboard in Resources */,
				53DD85EB28C9FF2000FDD84D /* CreationTaskScreen.storyboard in Resources */,
				530A415E28C49A3C00CA7F84 /* ComplitedTasksScreen.storyboard in Resources */,
				5372EAD528B7B8F900F3FFA8 /* DeclataionOfTasksScreen.storyboard in Resources */,
				5372EACF28B7A95200F3FFA8 /* ActiveTasksScreen.storyboard in Resources */,
			);
			runOnlyForDeploymentPostprocessing = 0;
		};
/* End PBXResourcesBuildPhase section */

/* Begin PBXShellScriptBuildPhase section */
		661B7B53EC7C84901CA50EC2 /* [CP] Copy Pods Resources */ = {
			isa = PBXShellScriptBuildPhase;
			buildActionMask = 2147483647;
			files = (
			);
			inputFileListPaths = (
				"${PODS_ROOT}/Target Support Files/Pods-Karmus/Pods-Karmus-resources-${CONFIGURATION}-input-files.xcfilelist",
			);
			name = "[CP] Copy Pods Resources";
			outputFileListPaths = (
				"${PODS_ROOT}/Target Support Files/Pods-Karmus/Pods-Karmus-resources-${CONFIGURATION}-output-files.xcfilelist",
			);
			runOnlyForDeploymentPostprocessing = 0;
			shellPath = /bin/sh;
			shellScript = "\"${PODS_ROOT}/Target Support Files/Pods-Karmus/Pods-Karmus-resources.sh\"\n";
			showEnvVarsInLog = 0;
		};
		C2F2CB374DA8DD658F210FD5 /* [CP] Check Pods Manifest.lock */ = {
			isa = PBXShellScriptBuildPhase;
			buildActionMask = 2147483647;
			files = (
			);
			inputFileListPaths = (
			);
			inputPaths = (
				"${PODS_PODFILE_DIR_PATH}/Podfile.lock",
				"${PODS_ROOT}/Manifest.lock",
			);
			name = "[CP] Check Pods Manifest.lock";
			outputFileListPaths = (
			);
			outputPaths = (
				"$(DERIVED_FILE_DIR)/Pods-Karmus-checkManifestLockResult.txt",
			);
			runOnlyForDeploymentPostprocessing = 0;
			shellPath = /bin/sh;
			shellScript = "diff \"${PODS_PODFILE_DIR_PATH}/Podfile.lock\" \"${PODS_ROOT}/Manifest.lock\" > /dev/null\nif [ $? != 0 ] ; then\n    # print error to STDERR\n    echo \"error: The sandbox is not in sync with the Podfile.lock. Run 'pod install' or update your CocoaPods installation.\" >&2\n    exit 1\nfi\n# This output is used by Xcode 'outputs' to avoid re-running this script phase.\necho \"SUCCESS\" > \"${SCRIPT_OUTPUT_FILE_0}\"\n";
			showEnvVarsInLog = 0;
		};
		E93D05C043C026571FBFB365 /* [CP] Embed Pods Frameworks */ = {
			isa = PBXShellScriptBuildPhase;
			buildActionMask = 2147483647;
			files = (
			);
			inputFileListPaths = (
				"${PODS_ROOT}/Target Support Files/Pods-Karmus/Pods-Karmus-frameworks-${CONFIGURATION}-input-files.xcfilelist",
			);
			name = "[CP] Embed Pods Frameworks";
			outputFileListPaths = (
				"${PODS_ROOT}/Target Support Files/Pods-Karmus/Pods-Karmus-frameworks-${CONFIGURATION}-output-files.xcfilelist",
			);
			runOnlyForDeploymentPostprocessing = 0;
			shellPath = /bin/sh;
			shellScript = "\"${PODS_ROOT}/Target Support Files/Pods-Karmus/Pods-Karmus-frameworks.sh\"\n";
			showEnvVarsInLog = 0;
		};
/* End PBXShellScriptBuildPhase section */

/* Begin PBXSourcesBuildPhase section */
		5316D71E28AC0FBE004C8A90 /* Sources */ = {
			isa = PBXSourcesBuildPhase;
			buildActionMask = 2147483647;
			files = (
				5316D72A28AC0FBE004C8A90 /* ViewController.swift in Sources */,
				CE29863A28B3F55300B4AE9D /* CodeGenerate.swift in Sources */,
				5372EAD328B7AEB000F3FFA8 /* ActiveTasksViewCell.swift in Sources */,
				CE26DC8928B4A4BA0022F401 /* SMSManagerResultEnum.swift in Sources */,
				53B0C84B28BF7288008B518B /* TaskMapViewController.swift in Sources */,
				CE29864128B4054B00B4AE9D /* DateExtention.swift in Sources */,
				CE29864128B4054B00B4AE9D /* DateExtension.swift in Sources */,
				CE50DF1228B7B20800D90D4A /* DefaultAlert.swift in Sources */,
				CEE6717528B61BB600CC8853 /* Reachability.swift in Sources */,
				5316D74128AC1313004C8A90 /* IdentificationViewController.swift in Sources */,
				534700E028B6135300F23539 /* ModelTasks.swift in Sources */,
				CE29860F28B37C8B00B4AE9D /* StringExtension.swift in Sources */,
				CE29863028B3E0E200B4AE9D /* BalanceModel.swift in Sources */,
				53B0C85128BF8C83008B518B /* GooglePlacesManager.swift in Sources */,
				CE29863328B3E12C00B4AE9D /* ResultModel.swift in Sources */,
				53B0C84F28BF791B008B518B /* ResultsMapViewController.swift in Sources */,
				CE3A8A6A28B8226900BCE54A /* FireBaseKeys.swift in Sources */,
				5348CBD128C61E6C00955D70 /* ProfileSettingsProtocols.swift in Sources */,
				CE15417C28B266E0007731FA /* PopViewController.swift in Sources */,
				530A416228C4B29200CA7F84 /* ComplitedTasksTableViewCell.swift in Sources */,
				53378AE228C00B34002749FE /* SearchResultViewController.swift in Sources */,
				534700ED28B679CC00F23539 /* APIManager.swift in Sources */,
				53BC394628AD43FE00867BC9 /* MapViewController.swift in Sources */,
				CEE6717F28B621C100CC8853 /* PhoneVerificationEnumerations.swift in Sources */,
				535FC1AB28C1F8D200A0BDE0 /* TextViewExtension.swift in Sources */,
				533630CE28B7DE8200F139E7 /* ModelActiveTasks.swift in Sources */,
				CE15418A28B29A71007731FA /* RegistrationEnumeration.swift in Sources */,
				CE3A8A6728B8204600BCE54A /* FireBaseProfileModel.swift in Sources */,
				CE3A8A7628B8473600BCE54A /* ProfileModelConstants.swift in Sources */,
				53C9BA1928C4D9C700B1EFB7 /* StoryboardNames.swift in Sources */,
				5316D72628AC0FBE004C8A90 /* AppDelegate.swift in Sources */,
				CEDE8C1D28ACFF1F00957E21 /* ConstantReferences.swift in Sources */,
				530A412C28C2393100CA7F84 /* ConditionTaskViewController.swift in Sources */,
				535FC1AE28C21F1700A0BDE0 /* ChoosePreferencesViewController.swift in Sources */,
				534700DC28B6099B00F23539 /* TasksTableViewController.swift in Sources */,
				CE26DC8228B414CD0022F401 /* PhoneNumberVerification.swift in Sources */,
				5387574128BE61E20007196E /* GreetingViewController.swift in Sources */,
				53378ACD28BF8600002749FE /* BelarusianCities.swift in Sources */,
				CE26DC8528B4393F0022F401 /* ConstantValues.swift in Sources */,
				5316D74328AC1326004C8A90 /* RegistrationViewController.swift in Sources */,
				534700E228B621A700F23539 /* CreationTaskViewController.swift in Sources */,
				530A416028C49A6A00CA7F84 /* ProcessingTaskViewController.swift in Sources */,
				CE3A8A6F28B8389800BCE54A /* FireBaseEnumerations.swift in Sources */,
				53DEBCE728C5862500204E1D /* SettingsTableViewController.swift in Sources */,
				5316D72828AC0FBE004C8A90 /* SceneDelegate.swift in Sources */,
				534700EF28B67C3A00F23539 /* Document.swift in Sources */,
				530A415C28C49A0400CA7F84 /* ComplitedTasksTableViewController.swift in Sources */,
				53378AC028BF7D37002749FE /* FillMainProfileInfoVC.swift in Sources */,
				5372EAD728B7BCAF00F3FFA8 /* DeclarationOfTasksViewController.swift in Sources */,
				534700DE28B6105C00F23539 /* TasksTableViewCell.swift in Sources */,
				53378ADD28C00ACA002749FE /* FillProfileInfoProtocols.swift in Sources */,
				CE29863E28B400B800B4AE9D /* ConstantKeys.swift in Sources */,
				53C9BA1C28C5431900B1EFB7 /* ChangeActivityIndicatorStatusProtocol.swift in Sources */,
				CE50DF0F28B78FD100D90D4A /* AntiSpam.swift in Sources */,
				5372EAD128B7ADD000F3FFA8 /* ActiveTasksViewController.swift in Sources */,
				CE29862328B3C6A700B4AE9D /* SMSAPIConstants.swift in Sources */,
				CE50DF6E28B7FC3000D90D4A /* FireBaseManager.swift in Sources */,
				53378AE528C05EFD002749FE /* FBProfileInfoModel.swift in Sources */,
				53378AC828BF7E5A002749FE /* SetLoginProtocol.swift in Sources */,
				5387574528BE6E590007196E /* KeychainSwiftExtension.swift in Sources */,
				5348CBCD28C5C8BF00955D70 /* ForceQuitFromProfile.swift in Sources */,
				CE2985F328B3759700B4AE9D /* KarmusDataBase.xcdatamodeld in Sources */,
				CE29861F28B3C55B00B4AE9D /* SMSManager.swift in Sources */,
				53378AEB28C0681B002749FE /* FillAdditionalProfileInfoVC.swift in Sources */,
			);
			runOnlyForDeploymentPostprocessing = 0;
		};
/* End PBXSourcesBuildPhase section */

/* Begin PBXVariantGroup section */
		5316D72B28AC0FBE004C8A90 /* Main.storyboard */ = {
			isa = PBXVariantGroup;
			children = (
				5316D72C28AC0FBE004C8A90 /* Base */,
			);
			name = Main.storyboard;
			sourceTree = "<group>";
		};
		5316D73328AC0FC2004C8A90 /* LaunchScreen.storyboard */ = {
			isa = PBXVariantGroup;
			children = (
				5316D73428AC0FC2004C8A90 /* Base */,
			);
			name = LaunchScreen.storyboard;
			sourceTree = "<group>";
		};
/* End PBXVariantGroup section */

/* Begin XCBuildConfiguration section */
		5316D73728AC0FC2004C8A90 /* Debug */ = {
			isa = XCBuildConfiguration;
			buildSettings = {
				ALWAYS_SEARCH_USER_PATHS = NO;
				CLANG_ANALYZER_NONNULL = YES;
				CLANG_ANALYZER_NUMBER_OBJECT_CONVERSION = YES_AGGRESSIVE;
				CLANG_CXX_LANGUAGE_STANDARD = "gnu++17";
				CLANG_ENABLE_MODULES = YES;
				CLANG_ENABLE_OBJC_ARC = YES;
				CLANG_ENABLE_OBJC_WEAK = YES;
				CLANG_WARN_BLOCK_CAPTURE_AUTORELEASING = YES;
				CLANG_WARN_BOOL_CONVERSION = YES;
				CLANG_WARN_COMMA = YES;
				CLANG_WARN_CONSTANT_CONVERSION = YES;
				CLANG_WARN_DEPRECATED_OBJC_IMPLEMENTATIONS = YES;
				CLANG_WARN_DIRECT_OBJC_ISA_USAGE = YES_ERROR;
				CLANG_WARN_DOCUMENTATION_COMMENTS = YES;
				CLANG_WARN_EMPTY_BODY = YES;
				CLANG_WARN_ENUM_CONVERSION = YES;
				CLANG_WARN_INFINITE_RECURSION = YES;
				CLANG_WARN_INT_CONVERSION = YES;
				CLANG_WARN_NON_LITERAL_NULL_CONVERSION = YES;
				CLANG_WARN_OBJC_IMPLICIT_RETAIN_SELF = YES;
				CLANG_WARN_OBJC_LITERAL_CONVERSION = YES;
				CLANG_WARN_OBJC_ROOT_CLASS = YES_ERROR;
				CLANG_WARN_QUOTED_INCLUDE_IN_FRAMEWORK_HEADER = YES;
				CLANG_WARN_RANGE_LOOP_ANALYSIS = YES;
				CLANG_WARN_STRICT_PROTOTYPES = YES;
				CLANG_WARN_SUSPICIOUS_MOVE = YES;
				CLANG_WARN_UNGUARDED_AVAILABILITY = YES_AGGRESSIVE;
				CLANG_WARN_UNREACHABLE_CODE = YES;
				CLANG_WARN__DUPLICATE_METHOD_MATCH = YES;
				COPY_PHASE_STRIP = NO;
				DEBUG_INFORMATION_FORMAT = dwarf;
				ENABLE_STRICT_OBJC_MSGSEND = YES;
				ENABLE_TESTABILITY = YES;
				GCC_C_LANGUAGE_STANDARD = gnu11;
				GCC_DYNAMIC_NO_PIC = NO;
				GCC_NO_COMMON_BLOCKS = YES;
				GCC_OPTIMIZATION_LEVEL = 0;
				GCC_PREPROCESSOR_DEFINITIONS = (
					"DEBUG=1",
					"$(inherited)",
				);
				GCC_WARN_64_TO_32_BIT_CONVERSION = YES;
				GCC_WARN_ABOUT_RETURN_TYPE = YES_ERROR;
				GCC_WARN_UNDECLARED_SELECTOR = YES;
				GCC_WARN_UNINITIALIZED_AUTOS = YES_AGGRESSIVE;
				GCC_WARN_UNUSED_FUNCTION = YES;
				GCC_WARN_UNUSED_VARIABLE = YES;
				IPHONEOS_DEPLOYMENT_TARGET = 14.4;
				MTL_ENABLE_DEBUG_INFO = INCLUDE_SOURCE;
				MTL_FAST_MATH = YES;
				ONLY_ACTIVE_ARCH = YES;
				SDKROOT = iphoneos;
				SWIFT_ACTIVE_COMPILATION_CONDITIONS = DEBUG;
				SWIFT_OPTIMIZATION_LEVEL = "-Onone";
			};
			name = Debug;
		};
		5316D73828AC0FC2004C8A90 /* Release */ = {
			isa = XCBuildConfiguration;
			buildSettings = {
				ALWAYS_SEARCH_USER_PATHS = NO;
				CLANG_ANALYZER_NONNULL = YES;
				CLANG_ANALYZER_NUMBER_OBJECT_CONVERSION = YES_AGGRESSIVE;
				CLANG_CXX_LANGUAGE_STANDARD = "gnu++17";
				CLANG_ENABLE_MODULES = YES;
				CLANG_ENABLE_OBJC_ARC = YES;
				CLANG_ENABLE_OBJC_WEAK = YES;
				CLANG_WARN_BLOCK_CAPTURE_AUTORELEASING = YES;
				CLANG_WARN_BOOL_CONVERSION = YES;
				CLANG_WARN_COMMA = YES;
				CLANG_WARN_CONSTANT_CONVERSION = YES;
				CLANG_WARN_DEPRECATED_OBJC_IMPLEMENTATIONS = YES;
				CLANG_WARN_DIRECT_OBJC_ISA_USAGE = YES_ERROR;
				CLANG_WARN_DOCUMENTATION_COMMENTS = YES;
				CLANG_WARN_EMPTY_BODY = YES;
				CLANG_WARN_ENUM_CONVERSION = YES;
				CLANG_WARN_INFINITE_RECURSION = YES;
				CLANG_WARN_INT_CONVERSION = YES;
				CLANG_WARN_NON_LITERAL_NULL_CONVERSION = YES;
				CLANG_WARN_OBJC_IMPLICIT_RETAIN_SELF = YES;
				CLANG_WARN_OBJC_LITERAL_CONVERSION = YES;
				CLANG_WARN_OBJC_ROOT_CLASS = YES_ERROR;
				CLANG_WARN_QUOTED_INCLUDE_IN_FRAMEWORK_HEADER = YES;
				CLANG_WARN_RANGE_LOOP_ANALYSIS = YES;
				CLANG_WARN_STRICT_PROTOTYPES = YES;
				CLANG_WARN_SUSPICIOUS_MOVE = YES;
				CLANG_WARN_UNGUARDED_AVAILABILITY = YES_AGGRESSIVE;
				CLANG_WARN_UNREACHABLE_CODE = YES;
				CLANG_WARN__DUPLICATE_METHOD_MATCH = YES;
				COPY_PHASE_STRIP = NO;
				DEBUG_INFORMATION_FORMAT = "dwarf-with-dsym";
				ENABLE_NS_ASSERTIONS = NO;
				ENABLE_STRICT_OBJC_MSGSEND = YES;
				GCC_C_LANGUAGE_STANDARD = gnu11;
				GCC_NO_COMMON_BLOCKS = YES;
				GCC_WARN_64_TO_32_BIT_CONVERSION = YES;
				GCC_WARN_ABOUT_RETURN_TYPE = YES_ERROR;
				GCC_WARN_UNDECLARED_SELECTOR = YES;
				GCC_WARN_UNINITIALIZED_AUTOS = YES_AGGRESSIVE;
				GCC_WARN_UNUSED_FUNCTION = YES;
				GCC_WARN_UNUSED_VARIABLE = YES;
				IPHONEOS_DEPLOYMENT_TARGET = 14.4;
				MTL_ENABLE_DEBUG_INFO = NO;
				MTL_FAST_MATH = YES;
				SDKROOT = iphoneos;
				SWIFT_COMPILATION_MODE = wholemodule;
				SWIFT_OPTIMIZATION_LEVEL = "-O";
				VALIDATE_PRODUCT = YES;
			};
			name = Release;
		};
		5316D73A28AC0FC2004C8A90 /* Debug */ = {
			isa = XCBuildConfiguration;
			buildSettings = {
				ASSETCATALOG_COMPILER_APPICON_NAME = AppIcon;
				ASSETCATALOG_COMPILER_GLOBAL_ACCENT_COLOR_NAME = AccentColor;
				CODE_SIGN_STYLE = Automatic;
				CURRENT_PROJECT_VERSION = 1;
				DEVELOPMENT_TEAM = 7KWY9SWUN6;
				GENERATE_INFOPLIST_FILE = YES;
				INFOPLIST_FILE = Karmus/Info.plist;
				INFOPLIST_KEY_NSCameraUsageDescription = "Для выбора фото";
				INFOPLIST_KEY_NSLocationAlwaysAndWhenInUseUsageDescription = "нужно определение местоположения";
				INFOPLIST_KEY_NSLocationWhenInUseUsageDescription = "Для определения местоположения";
				INFOPLIST_KEY_UIApplicationSupportsIndirectInputEvents = YES;
				INFOPLIST_KEY_UILaunchStoryboardName = LaunchScreen;
				INFOPLIST_KEY_UIMainStoryboardFile = Main;
				INFOPLIST_KEY_UISupportedInterfaceOrientations = UIInterfaceOrientationPortrait;
				INFOPLIST_KEY_UISupportedInterfaceOrientations_iPad = "UIInterfaceOrientationPortrait UIInterfaceOrientationPortraitUpsideDown UIInterfaceOrientationLandscapeLeft UIInterfaceOrientationLandscapeRight";
				INFOPLIST_KEY_UISupportedInterfaceOrientations_iPhone = "UIInterfaceOrientationPortrait UIInterfaceOrientationLandscapeLeft UIInterfaceOrientationLandscapeRight";
				IPHONEOS_DEPLOYMENT_TARGET = 14.4;
				LD_RUNPATH_SEARCH_PATHS = (
					"$(inherited)",
					"@executable_path/Frameworks",
				);
				MARKETING_VERSION = 1.0;
				PRODUCT_BUNDLE_IDENTIFIER = com.vironit.Nesterovich.Ermolenko;
				PRODUCT_NAME = "$(TARGET_NAME)";
				SWIFT_EMIT_LOC_STRINGS = YES;
				SWIFT_VERSION = 5.0;
				TARGETED_DEVICE_FAMILY = 1;
			};
			name = Debug;
		};
		5316D73B28AC0FC2004C8A90 /* Release */ = {
			isa = XCBuildConfiguration;
			buildSettings = {
				ASSETCATALOG_COMPILER_APPICON_NAME = AppIcon;
				ASSETCATALOG_COMPILER_GLOBAL_ACCENT_COLOR_NAME = AccentColor;
				CODE_SIGN_IDENTITY = "Apple Development";
				CODE_SIGN_STYLE = Manual;
				CURRENT_PROJECT_VERSION = 1;
				DEVELOPMENT_TEAM = "";
				GENERATE_INFOPLIST_FILE = YES;
				INFOPLIST_FILE = Karmus/Info.plist;
				INFOPLIST_KEY_NSCameraUsageDescription = "Для выбора фото";
				INFOPLIST_KEY_NSLocationAlwaysAndWhenInUseUsageDescription = "нужно определение местоположения";
				INFOPLIST_KEY_NSLocationWhenInUseUsageDescription = "Для определения местоположения";
				INFOPLIST_KEY_UIApplicationSupportsIndirectInputEvents = YES;
				INFOPLIST_KEY_UILaunchStoryboardName = LaunchScreen;
				INFOPLIST_KEY_UIMainStoryboardFile = Main;
				INFOPLIST_KEY_UISupportedInterfaceOrientations = UIInterfaceOrientationPortrait;
				INFOPLIST_KEY_UISupportedInterfaceOrientations_iPad = "UIInterfaceOrientationPortrait UIInterfaceOrientationPortraitUpsideDown UIInterfaceOrientationLandscapeLeft UIInterfaceOrientationLandscapeRight";
				INFOPLIST_KEY_UISupportedInterfaceOrientations_iPhone = "UIInterfaceOrientationPortrait UIInterfaceOrientationLandscapeLeft UIInterfaceOrientationLandscapeRight";
				IPHONEOS_DEPLOYMENT_TARGET = 14.4;
				LD_RUNPATH_SEARCH_PATHS = (
					"$(inherited)",
					"@executable_path/Frameworks",
				);
				MARKETING_VERSION = 1.0;
				PRODUCT_BUNDLE_IDENTIFIER = com.vironit.Nesterovich.Ermolenko;
				PRODUCT_NAME = "$(TARGET_NAME)";
				PROVISIONING_PROFILE_SPECIFIER = "";
				SWIFT_EMIT_LOC_STRINGS = YES;
				SWIFT_VERSION = 5.0;
				TARGETED_DEVICE_FAMILY = 1;
			};
			name = Release;
		};
/* End XCBuildConfiguration section */

/* Begin XCConfigurationList section */
		5316D71D28AC0FBE004C8A90 /* Build configuration list for PBXProject "Karmus" */ = {
			isa = XCConfigurationList;
			buildConfigurations = (
				5316D73728AC0FC2004C8A90 /* Debug */,
				5316D73828AC0FC2004C8A90 /* Release */,
			);
			defaultConfigurationIsVisible = 0;
			defaultConfigurationName = Release;
		};
		5316D73928AC0FC2004C8A90 /* Build configuration list for PBXNativeTarget "Karmus" */ = {
			isa = XCConfigurationList;
			buildConfigurations = (
				5316D73A28AC0FC2004C8A90 /* Debug */,
				5316D73B28AC0FC2004C8A90 /* Release */,
			);
			defaultConfigurationIsVisible = 0;
			defaultConfigurationName = Release;
		};
/* End XCConfigurationList section */

/* Begin XCVersionGroup section */
		CE2985F128B3759700B4AE9D /* KarmusDataBase.xcdatamodeld */ = {
			isa = XCVersionGroup;
			children = (
				CE2985F228B3759700B4AE9D /* Karmus.xcdatamodel */,
			);
			currentVersion = CE2985F228B3759700B4AE9D /* Karmus.xcdatamodel */;
			path = KarmusDataBase.xcdatamodeld;
			sourceTree = "<group>";
			versionGroupType = wrapper.xcdatamodel;
		};
/* End XCVersionGroup section */
	};
	rootObject = 5316D71A28AC0FBE004C8A90 /* Project object */;
}
