PODS:
  - Firebase/CoreOnly (8.15.0):
    - FirebaseCore (= 8.15.0)
  - Firebase/Database (8.15.0):
    - Firebase/CoreOnly
    - FirebaseDatabase (~> 8.15.0)
  - Firebase/Storage (8.15.0):
    - Firebase/CoreOnly
    - FirebaseStorage (~> 8.15.0)
  - FirebaseCore (8.15.0):
    - FirebaseCoreDiagnostics (~> 8.0)
    - GoogleUtilities/Environment (~> 7.7)
    - GoogleUtilities/Logger (~> 7.7)
  - FirebaseCoreDiagnostics (8.15.0):
    - GoogleDataTransport (~> 9.1)
    - GoogleUtilities/Environment (~> 7.7)
    - GoogleUtilities/Logger (~> 7.7)
    - nanopb (~> 2.30908.0)
  - FirebaseDatabase (8.15.0):
    - FirebaseCore (~> 8.0)
    - leveldb-library (~> 1.22)
  - FirebaseStorage (8.15.0):
    - FirebaseCore (~> 8.0)
    - GTMSessionFetcher/Core (~> 1.5)
  - GoogleDataTransport (9.2.0):
    - GoogleUtilities/Environment (~> 7.7)
    - nanopb (< 2.30910.0, >= 2.30908.0)
    - PromisesObjC (< 3.0, >= 1.2)
  - GooglePlaces (7.1.0)
  - GoogleUtilities/Environment (7.7.0):
    - PromisesObjC (< 3.0, >= 1.2)
  - GoogleUtilities/Logger (7.7.0):
    - GoogleUtilities/Environment
  - GTMSessionFetcher/Core (1.7.2)
  - InputBarAccessoryView (5.5.0):
    - InputBarAccessoryView/Core (= 5.5.0)
  - InputBarAccessoryView/Core (5.5.0)
  - KeychainSwift (20.0.0)
  - Kingfisher (4.10.1)
  - leveldb-library (1.22.1)
  - MessageKit (3.8.0):
    - InputBarAccessoryView (~> 5.5.0)
  - nanopb (2.30908.0):
    - nanopb/decode (= 2.30908.0)
    - nanopb/encode (= 2.30908.0)
  - nanopb/decode (2.30908.0)
  - nanopb/encode (2.30908.0)
  - PromisesObjC (2.1.1)
  - SwiftLint (0.48.0)

DEPENDENCIES:
  - Firebase/Database (= 8.15.0)
  - Firebase/Storage (= 8.15.0)
  - GooglePlaces (= 7.1.0)
  - KeychainSwift (= 20.0)
  - Kingfisher (~> 4.0)
  - MessageKit (= 3.8.0)
  - SwiftLint (= 0.48.0)

SPEC REPOS:
  trunk:
    - Firebase
    - FirebaseCore
    - FirebaseCoreDiagnostics
    - FirebaseDatabase
    - FirebaseStorage
    - GoogleDataTransport
    - GooglePlaces
    - GoogleUtilities
    - GTMSessionFetcher
    - InputBarAccessoryView
    - KeychainSwift
    - Kingfisher
    - leveldb-library
    - MessageKit
    - nanopb
    - PromisesObjC
    - SwiftLint

SPEC CHECKSUMS:
  Firebase: 5f8193dff4b5b7c5d5ef72ae54bb76c08e2b841d
  FirebaseCore: 5743c5785c074a794d35f2fff7ecc254a91e08b1
  FirebaseCoreDiagnostics: 92e07a649aeb66352b319d43bdd2ee3942af84cb
  FirebaseDatabase: f567afd233e54a303d84423207736590a6feb419
  FirebaseStorage: 8019af461599b2c3bc61c6a5dbdfa3d2de66a4d9
  GoogleDataTransport: 1c8145da7117bd68bbbed00cf304edb6a24de00f
  GooglePlaces: 187946335ec3dc624de71c0a9ddcc712f19b0ee1
  GoogleUtilities: e0913149f6b0625b553d70dae12b49fc62914fd1
  GTMSessionFetcher: 5595ec75acf5be50814f81e9189490412bad82ba
  InputBarAccessoryView: 1d7b0a672b36e370f01f264b3907ef39d03328e3
  KeychainSwift: 0ce6a4d13f7228054d1a71bb1b500448fb2ab837
  Kingfisher: c148cd7b47ebde9989f6bc7c27dcaa79d81279a0
  leveldb-library: 50c7b45cbd7bf543c81a468fe557a16ae3db8729
  MessageKit: a1ba0c69ebead94029867853eb44dd05b9b3f453
  nanopb: a0ba3315591a9ae0a16a309ee504766e90db0c96
  PromisesObjC: ab77feca74fa2823e7af4249b8326368e61014cb
  SwiftLint: 284cea64b6187c5d6bd83e9a548a64104d546447

PODFILE CHECKSUM: 2f0dc27ff00db33282d4128928cba9717f34c72a

COCOAPODS: 1.11.3
